
Microsoft Visual Studio Solution File, Format Version 12.00
# Visual Studio Version 17
VisualStudioVersion = 17.4.33213.308
MinimumVisualStudioVersion = 10.0.40219.1
Project("{FAE04EC0-301F-11D3-BF4B-00C04F79EFBC}") = "Anagram", "Anagram.csproj", "{72F96C4D-7523-462B-BD27-A9D654D5F2B9}"
EndProject
Global
	GlobalSection(SolutionConfigurationPlatforms) = preSolution
		Debug|Any CPU = Debug|Any CPU
		Release|Any CPU = Release|Any CPU
	EndGlobalSection
	GlobalSection(ProjectConfigurationPlatforms) = postSolution
		{72F96C4D-7523-462B-BD27-A9D654D5F2B9}.Debug|Any CPU.ActiveCfg = Debug|Any CPU
		{72F96C4D-7523-462B-BD27-A9D654D5F2B9}.Debug|Any CPU.Build.0 = Debug|Any CPU
		{72F96C4D-7523-462B-BD27-A9D654D5F2B9}.Release|Any CPU.ActiveCfg = Release|Any CPU
		{72F96C4D-7523-462B-BD27-A9D654D5F2B9}.Release|Any CPU.Build.0 = Release|Any CPU
	EndGlobalSection
	GlobalSection(SolutionProperties) = preSolution
		HideSolutionNode = FALSE
	EndGlobalSection
	GlobalSection(ExtensibilityGlobals) = postSolution
		SolutionGuid = {4C6989E4-E5A0-4E57-BC6A-380971E530B5}
	EndGlobalSection
EndGlobal
